
Microsoft Visual Studio Solution File, Format Version 12.00
# Visual Studio 15
VisualStudioVersion = 15.0.27703.2042
MinimumVisualStudioVersion = 10.0.40219.1
Project("{9A19103F-16F7-4668-BE54-9A1E7A4F7556}") = "loadtesting", "loadtesting.csproj", "{8A3E6AB8-E65B-4DFF-A914-B9A1EC0A4CBD}"
EndProject
Global
	GlobalSection(SolutionConfigurationPlatforms) = preSolution
		Debug|Any CPU = Debug|Any CPU
		Release|Any CPU = Release|Any CPU
	EndGlobalSection
	GlobalSection(ProjectConfigurationPlatforms) = postSolution
		{8A3E6AB8-E65B-4DFF-A914-B9A1EC0A4CBD}.Debug|Any CPU.ActiveCfg = Debug|Any CPU
		{8A3E6AB8-E65B-4DFF-A914-B9A1EC0A4CBD}.Debug|Any CPU.Build.0 = Debug|Any CPU
		{8A3E6AB8-E65B-4DFF-A914-B9A1EC0A4CBD}.Release|Any CPU.ActiveCfg = Release|Any CPU
		{8A3E6AB8-E65B-4DFF-A914-B9A1EC0A4CBD}.Release|Any CPU.Build.0 = Release|Any CPU
	EndGlobalSection
	GlobalSection(SolutionProperties) = preSolution
		HideSolutionNode = FALSE
	EndGlobalSection
	GlobalSection(ExtensibilityGlobals) = postSolution
		SolutionGuid = {10A37DFF-A417-4D68-94C0-E3D6CA23E051}
	EndGlobalSection
EndGlobal
